
Microsoft Visual Studio Solution File, Format Version 12.00
# Visual Studio Version 17
VisualStudioVersion = 17.13.35931.197 d17.13
MinimumVisualStudioVersion = 10.0.40219.1
Project("{FAE04EC0-301F-11D3-BF4B-00C04F79EFBC}") = "k8sFormResultViewApp", "k8sFormResultViewApp.csproj", "{B9F8B3CD-3A74-448B-BB62-B0DDDF9DBDBE}"
EndProject
Global
	GlobalSection(SolutionConfigurationPlatforms) = preSolution
		Debug|Any CPU = Debug|Any CPU
		Release|Any CPU = Release|Any CPU
	EndGlobalSection
	GlobalSection(ProjectConfigurationPlatforms) = postSolution
		{B9F8B3CD-3A74-448B-BB62-B0DDDF9DBDBE}.Debug|Any CPU.ActiveCfg = Debug|Any CPU
		{B9F8B3CD-3A74-448B-BB62-B0DDDF9DBDBE}.Debug|Any CPU.Build.0 = Debug|Any CPU
		{B9F8B3CD-3A74-448B-BB62-B0DDDF9DBDBE}.Release|Any CPU.ActiveCfg = Release|Any CPU
		{B9F8B3CD-3A74-448B-BB62-B0DDDF9DBDBE}.Release|Any CPU.Build.0 = Release|Any CPU
	EndGlobalSection
	GlobalSection(SolutionProperties) = preSolution
		HideSolutionNode = FALSE
	EndGlobalSection
	GlobalSection(ExtensibilityGlobals) = postSolution
		SolutionGuid = {15DED252-2A32-416C-9536-61AA467BF48F}
	EndGlobalSection
EndGlobal
